
Microsoft Visual Studio Solution File, Format Version 12.00
Project("{FAE04EC0-301F-11D3-BF4B-00C04F79EFBC}") = "AElfChain.SDK", "AElfChain.SDK\AElfChain.SDK.csproj", "{958104EB-4731-410E-9FE8-1268F2900E04}"
EndProject
Project("{FAE04EC0-301F-11D3-BF4B-00C04F79EFBC}") = "AElfChain.SDK.ConsoleTest", "AElfChain.SDK.ConsoleTest\AElfChain.SDK.ConsoleTest.csproj", "{8350062C-975B-4E62-8061-93004B82F008}"
EndProject
Global
	GlobalSection(SolutionConfigurationPlatforms) = preSolution
		Debug|Any CPU = Debug|Any CPU
		Release|Any CPU = Release|Any CPU
	EndGlobalSection
	GlobalSection(ProjectConfigurationPlatforms) = postSolution
		{958104EB-4731-410E-9FE8-1268F2900E04}.Debug|Any CPU.ActiveCfg = Debug|Any CPU
		{958104EB-4731-410E-9FE8-1268F2900E04}.Debug|Any CPU.Build.0 = Debug|Any CPU
		{958104EB-4731-410E-9FE8-1268F2900E04}.Release|Any CPU.ActiveCfg = Release|Any CPU
		{958104EB-4731-410E-9FE8-1268F2900E04}.Release|Any CPU.Build.0 = Release|Any CPU
		{8350062C-975B-4E62-8061-93004B82F008}.Debug|Any CPU.ActiveCfg = Debug|Any CPU
		{8350062C-975B-4E62-8061-93004B82F008}.Debug|Any CPU.Build.0 = Debug|Any CPU
		{8350062C-975B-4E62-8061-93004B82F008}.Release|Any CPU.ActiveCfg = Release|Any CPU
		{8350062C-975B-4E62-8061-93004B82F008}.Release|Any CPU.Build.0 = Release|Any CPU
	EndGlobalSection
EndGlobal
